
Microsoft Visual Studio Solution File, Format Version 12.00
# Visual Studio Version 17
VisualStudioVersion = 17.11.35219.272
MinimumVisualStudioVersion = 10.0.40219.1
Project("{9A19103F-16F7-4668-BE54-9A1E7A4F7556}") = "DS.GroundControl.Lib", "DS.GroundControl.Lib\DS.GroundControl.Lib.csproj", "{F342376F-0CB1-4D24-AEE7-5FD55D1883ED}"
EndProject
Project("{9A19103F-16F7-4668-BE54-9A1E7A4F7556}") = "DS.GroundControl.RockBlock9603.Service", "DS.GroundControl.RockBlock9603.Service\DS.GroundControl.RockBlock9603.Service.csproj", "{15FC5842-5AAC-4FDB-BC89-84DAA5607FF1}"
EndProject
Project("{9A19103F-16F7-4668-BE54-9A1E7A4F7556}") = "DS.GroundControl.RockBlock9603.Setup", "DS.GroundControl.RockBlock9603.Setup\DS.GroundControl.RockBlock9603.Setup.csproj", "{F987090D-9E77-44A1-A6D6-B9F2D7E3D995}"
EndProject
Project("{9A19103F-16F7-4668-BE54-9A1E7A4F7556}") = "DS.GroundControl.RockBlock9603.CommandLine", "DS.GroundControl.RockBlock9603.CommandLine\DS.GroundControl.RockBlock9603.CommandLine.csproj", "{58012CF3-B28D-4383-8A19-1996D1DD562C}"
EndProject
Project("{FAE04EC0-301F-11D3-BF4B-00C04F79EFBC}") = "DS.GroundControl.Lib.Tests", "DS.GroundControl.Lib.Tests\DS.GroundControl.Lib.Tests.csproj", "{E28A4AC3-AC1B-4820-89AF-22ADCE3866B9}"
EndProject
Global
	GlobalSection(SolutionConfigurationPlatforms) = preSolution
		Debug|Any CPU = Debug|Any CPU
		Release|Any CPU = Release|Any CPU
	EndGlobalSection
	GlobalSection(ProjectConfigurationPlatforms) = postSolution
		{F342376F-0CB1-4D24-AEE7-5FD55D1883ED}.Debug|Any CPU.ActiveCfg = Debug|Any CPU
		{F342376F-0CB1-4D24-AEE7-5FD55D1883ED}.Debug|Any CPU.Build.0 = Debug|Any CPU
		{F342376F-0CB1-4D24-AEE7-5FD55D1883ED}.Release|Any CPU.ActiveCfg = Release|Any CPU
		{F342376F-0CB1-4D24-AEE7-5FD55D1883ED}.Release|Any CPU.Build.0 = Release|Any CPU
		{15FC5842-5AAC-4FDB-BC89-84DAA5607FF1}.Debug|Any CPU.ActiveCfg = Debug|Any CPU
		{15FC5842-5AAC-4FDB-BC89-84DAA5607FF1}.Debug|Any CPU.Build.0 = Debug|Any CPU
		{15FC5842-5AAC-4FDB-BC89-84DAA5607FF1}.Release|Any CPU.ActiveCfg = Release|Any CPU
		{15FC5842-5AAC-4FDB-BC89-84DAA5607FF1}.Release|Any CPU.Build.0 = Release|Any CPU
		{F987090D-9E77-44A1-A6D6-B9F2D7E3D995}.Debug|Any CPU.ActiveCfg = Debug|Any CPU
		{F987090D-9E77-44A1-A6D6-B9F2D7E3D995}.Debug|Any CPU.Build.0 = Debug|Any CPU
		{F987090D-9E77-44A1-A6D6-B9F2D7E3D995}.Release|Any CPU.ActiveCfg = Release|Any CPU
		{F987090D-9E77-44A1-A6D6-B9F2D7E3D995}.Release|Any CPU.Build.0 = Release|Any CPU
		{58012CF3-B28D-4383-8A19-1996D1DD562C}.Debug|Any CPU.ActiveCfg = Debug|Any CPU
		{58012CF3-B28D-4383-8A19-1996D1DD562C}.Debug|Any CPU.Build.0 = Debug|Any CPU
		{58012CF3-B28D-4383-8A19-1996D1DD562C}.Release|Any CPU.ActiveCfg = Release|Any CPU
		{58012CF3-B28D-4383-8A19-1996D1DD562C}.Release|Any CPU.Build.0 = Release|Any CPU
		{E28A4AC3-AC1B-4820-89AF-22ADCE3866B9}.Debug|Any CPU.ActiveCfg = Debug|Any CPU
		{E28A4AC3-AC1B-4820-89AF-22ADCE3866B9}.Debug|Any CPU.Build.0 = Debug|Any CPU
		{E28A4AC3-AC1B-4820-89AF-22ADCE3866B9}.Release|Any CPU.ActiveCfg = Release|Any CPU
		{E28A4AC3-AC1B-4820-89AF-22ADCE3866B9}.Release|Any CPU.Build.0 = Release|Any CPU
	EndGlobalSection
	GlobalSection(SolutionProperties) = preSolution
		HideSolutionNode = FALSE
	EndGlobalSection
	GlobalSection(ExtensibilityGlobals) = postSolution
		SolutionGuid = {C2432A8C-4072-432F-80A0-B46711C51322}
	EndGlobalSection
EndGlobal
